
Microsoft Visual Studio Solution File, Format Version 12.00
# Visual Studio Version 17
VisualStudioVersion = 17.8.34330.188
MinimumVisualStudioVersion = 10.0.40219.1
Project("{9A19103F-16F7-4668-BE54-9A1E7A4F7556}") = "Mexc.Examples.Api", "Mexc.Examples.Api\Mexc.Examples.Api.csproj", "{ECA139DF-CA98-4E98-89DA-C594FEBC0865}"
EndProject
Project("{9A19103F-16F7-4668-BE54-9A1E7A4F7556}") = "Mexc.Examples.Console", "Mexc.Examples.Console\Mexc.Examples.Console.csproj", "{FD4F95C8-D9B7-4F81-9245-4CE667DFD421}"
EndProject
Project("{9A19103F-16F7-4668-BE54-9A1E7A4F7556}") = "Mexc.Examples.Tracker", "Mexc.Examples.Tracker\Mexc.Examples.Tracker.csproj", "{8620604A-ECA7-4583-983E-84926F270040}"
EndProject
Project("{9A19103F-16F7-4668-BE54-9A1E7A4F7556}") = "Mexc.Examples.OrderBook", "Mexc.Examples.OrderBook\Mexc.Examples.OrderBook.csproj", "{14CCC9D6-F70C-4DC1-8327-E792A39D87E0}"
EndProject
Project("{9A19103F-16F7-4668-BE54-9A1E7A4F7556}") = "Mexc.Net", "..\Mexc.Net\Mexc.Net.csproj", "{EAF4B59C-E790-4DA9-98C0-AE0A4E27F464}"
EndProject
Global
	GlobalSection(SolutionConfigurationPlatforms) = preSolution
		Debug|Any CPU = Debug|Any CPU
		Release|Any CPU = Release|Any CPU
	EndGlobalSection
	GlobalSection(ProjectConfigurationPlatforms) = postSolution
		{ECA139DF-CA98-4E98-89DA-C594FEBC0865}.Debug|Any CPU.ActiveCfg = Debug|Any CPU
		{ECA139DF-CA98-4E98-89DA-C594FEBC0865}.Debug|Any CPU.Build.0 = Debug|Any CPU
		{ECA139DF-CA98-4E98-89DA-C594FEBC0865}.Release|Any CPU.ActiveCfg = Release|Any CPU
		{ECA139DF-CA98-4E98-89DA-C594FEBC0865}.Release|Any CPU.Build.0 = Release|Any CPU
		{FD4F95C8-D9B7-4F81-9245-4CE667DFD421}.Debug|Any CPU.ActiveCfg = Debug|Any CPU
		{FD4F95C8-D9B7-4F81-9245-4CE667DFD421}.Debug|Any CPU.Build.0 = Debug|Any CPU
		{FD4F95C8-D9B7-4F81-9245-4CE667DFD421}.Release|Any CPU.ActiveCfg = Release|Any CPU
		{FD4F95C8-D9B7-4F81-9245-4CE667DFD421}.Release|Any CPU.Build.0 = Release|Any CPU
		{8620604A-ECA7-4583-983E-84926F270040}.Debug|Any CPU.ActiveCfg = Debug|Any CPU
		{8620604A-ECA7-4583-983E-84926F270040}.Debug|Any CPU.Build.0 = Debug|Any CPU
		{8620604A-ECA7-4583-983E-84926F270040}.Release|Any CPU.ActiveCfg = Release|Any CPU
		{8620604A-ECA7-4583-983E-84926F270040}.Release|Any CPU.Build.0 = Release|Any CPU
		{14CCC9D6-F70C-4DC1-8327-E792A39D87E0}.Debug|Any CPU.ActiveCfg = Debug|Any CPU
		{14CCC9D6-F70C-4DC1-8327-E792A39D87E0}.Debug|Any CPU.Build.0 = Debug|Any CPU
		{14CCC9D6-F70C-4DC1-8327-E792A39D87E0}.Release|Any CPU.ActiveCfg = Release|Any CPU
		{14CCC9D6-F70C-4DC1-8327-E792A39D87E0}.Release|Any CPU.Build.0 = Release|Any CPU
		{EAF4B59C-E790-4DA9-98C0-AE0A4E27F464}.Debug|Any CPU.ActiveCfg = Debug|Any CPU
		{EAF4B59C-E790-4DA9-98C0-AE0A4E27F464}.Debug|Any CPU.Build.0 = Debug|Any CPU
		{EAF4B59C-E790-4DA9-98C0-AE0A4E27F464}.Release|Any CPU.ActiveCfg = Release|Any CPU
		{EAF4B59C-E790-4DA9-98C0-AE0A4E27F464}.Release|Any CPU.Build.0 = Release|Any CPU
	EndGlobalSection
	GlobalSection(SolutionProperties) = preSolution
		HideSolutionNode = FALSE
	EndGlobalSection
	GlobalSection(ExtensibilityGlobals) = postSolution
		SolutionGuid = {84A4E6CE-9D3A-43FF-97B1-D91CE93B7E8F}
	EndGlobalSection
EndGlobal
